
Microsoft Visual Studio Solution File, Format Version 12.00
# Visual Studio Version 16
VisualStudioVersion = 16.0.31205.134
MinimumVisualStudioVersion = 10.0.40219.1
Project("{FAE04EC0-301F-11D3-BF4B-00C04F79EFBC}") = "HiveSimulator", "HiveSimulator.csproj", "{8BE57CCA-A175-447B-B1A3-8CD02D0C3C2F}"
EndProject
Global
	GlobalSection(SolutionConfigurationPlatforms) = preSolution
		Debug|Any CPU = Debug|Any CPU
		Release|Any CPU = Release|Any CPU
	EndGlobalSection
	GlobalSection(ProjectConfigurationPlatforms) = postSolution
		{8BE57CCA-A175-447B-B1A3-8CD02D0C3C2F}.Debug|Any CPU.ActiveCfg = Debug|Any CPU
		{8BE57CCA-A175-447B-B1A3-8CD02D0C3C2F}.Debug|Any CPU.Build.0 = Debug|Any CPU
		{8BE57CCA-A175-447B-B1A3-8CD02D0C3C2F}.Release|Any CPU.ActiveCfg = Release|Any CPU
		{8BE57CCA-A175-447B-B1A3-8CD02D0C3C2F}.Release|Any CPU.Build.0 = Release|Any CPU
	EndGlobalSection
	GlobalSection(SolutionProperties) = preSolution
		HideSolutionNode = FALSE
	EndGlobalSection
	GlobalSection(ExtensibilityGlobals) = postSolution
		SolutionGuid = {BAA09E22-45D9-4055-94B2-87208683F97F}
	EndGlobalSection
EndGlobal
